
Microsoft Visual Studio Solution File, Format Version 12.00
# Visual Studio Version 16
VisualStudioVersion = 25.0.1705.4
MinimumVisualStudioVersion = 10.0.40219.1
Project("{FAE04EC0-301F-11D3-BF4B-00C04F79EFBC}") = "Calcalator", "Calcalator\Calcalator.csproj", "{740496B9-BD71-4108-A8AD-26AFE3DBE139}"
EndProject
Project("{FAE04EC0-301F-11D3-BF4B-00C04F79EFBC}") = "CalcTests", "CalcTests\CalcTests.csproj", "{5156E14F-8CCB-45C8-8566-E9C4DB621E39}"
EndProject
Global
	GlobalSection(SolutionConfigurationPlatforms) = preSolution
		Debug|Any CPU = Debug|Any CPU
		Release|Any CPU = Release|Any CPU
	EndGlobalSection
	GlobalSection(ProjectConfigurationPlatforms) = postSolution
		{740496B9-BD71-4108-A8AD-26AFE3DBE139}.Debug|Any CPU.ActiveCfg = Debug|Any CPU
		{740496B9-BD71-4108-A8AD-26AFE3DBE139}.Debug|Any CPU.Build.0 = Debug|Any CPU
		{740496B9-BD71-4108-A8AD-26AFE3DBE139}.Release|Any CPU.ActiveCfg = Release|Any CPU
		{740496B9-BD71-4108-A8AD-26AFE3DBE139}.Release|Any CPU.Build.0 = Release|Any CPU
		{5156E14F-8CCB-45C8-8566-E9C4DB621E39}.Debug|Any CPU.ActiveCfg = Debug|Any CPU
		{5156E14F-8CCB-45C8-8566-E9C4DB621E39}.Debug|Any CPU.Build.0 = Debug|Any CPU
		{5156E14F-8CCB-45C8-8566-E9C4DB621E39}.Release|Any CPU.ActiveCfg = Release|Any CPU
		{5156E14F-8CCB-45C8-8566-E9C4DB621E39}.Release|Any CPU.Build.0 = Release|Any CPU
	EndGlobalSection
	GlobalSection(SolutionProperties) = preSolution
		HideSolutionNode = FALSE
	EndGlobalSection
	GlobalSection(ExtensibilityGlobals) = postSolution
		SolutionGuid = {A0D5288E-DAC6-4388-81D8-19AB10A5CAB1}
	EndGlobalSection
EndGlobal
